<Solution>
  <Configurations>
    <Platform Name="Any CPU" />
    <Platform Name="x64" />
    <Platform Name="x86" />
  </Configurations>
  <Folder Name="/Examples/">
    <Project Path="Examples/SharpVideo.DemoMedia/SharpVideo.DemoMedia.csproj" />
    <Project Path="Examples/SharpVideo.DrmDemo/SharpVideo.DrmDemo.csproj" />
    <Project Path="Examples/SharpVideo.DrmDmaDemo/SharpVideo.DrmDmaDemo.csproj" />
    <Project Path="Examples/SharpVideo.FfmpegDemo/SharpVideo.FfmpegDemo.csproj" Id="4da4025e-86c9-4960-9509-72e61055ae64" />
    <Project Path="Examples/SharpVideo.ImGuiDemo/SharpVideo.ImGuiDemo.csproj" Id="ee5cdfbc-015b-44f4-9c3a-76e8c7ff64c0" />
    <Project Path="Examples/SharpVideo.MultiPlaneDemo/SharpVideo.MultiPlaneDemo.csproj" Id="53b0ddba-a5a4-48ce-be74-c840e3722322" />
    <Project Path="Examples/SharpVideo.MultiPlaneGlDemo/SharpVideo.MultiPlaneGlDemo.csproj" />
    <Project Path="Examples/SharpVideo.ParseH264Demo/SharpVideo.ParseH264Demo.csproj" />
    <Project Path="Examples/SharpVideo.RtpPlayerDemo/SharpVideo.RtpPlayerDemo.csproj" Id="05f5b15e-0bf4-49d2-91ff-60cf2bcd8e58" />
    <Project Path="Examples/SharpVideo.V4L2DecodeDemo/SharpVideo.V4L2DecodeDemo.csproj" />
    <Project Path="Examples/SharpVideo.V4L2DecodeDrmPreviewDemo/SharpVideo.V4L2DecodeDrmPreviewDemo.csproj" />
    <Project Path="Examples/SharpVideo.V4L2Decoding/SharpVideo.V4L2Decoding.csproj" Id="c4799937-43aa-404d-925a-d1a9191d18ad" />
    <Project Path="Examples/SharpVideo.V4L2PrintInfo/SharpVideo.V4L2PrintInfo.csproj" />
    <Project Path="SharpVideo.Decoding.OhdDemo/SharpVideo.Decoding.OhdDemo.csproj" Id="fc19e915-ee43-4486-b39d-6ccd5642a09a" />
  </Folder>
  <Folder Name="/Solution Items/">
    <File Path="../README.md" />
  </Folder>
  <Project Path="SharpVideo.Decoding/SharpVideo.Decoding.csproj" Id="81d9487a-54ee-45c5-802e-6bd03145ef7f" />
  <Project Path="SharpVideo.FfmpegBin/SharpVideo.FfmpegBin.csproj" Id="fb99dfac-77f3-4f35-982f-33d7c5970bf0" />
  <Project Path="SharpVideo.ImGui/SharpVideo.ImGui.csproj" Id="560ee6bc-5eb1-42ca-8b18-b0e4b668c5fc" />
  <Project Path="SharpVideo.Linux.Native.Tests/SharpVideo.Linux.Native.Tests.csproj" />
  <Project Path="SharpVideo.Linux.Native/SharpVideo.Linux.Native.csproj" />
  <Project Path="SharpVideo.Rtp/SharpVideo.Rtp.csproj" Id="19fa3633-f7c3-4395-ad73-a21b5edd7c89" />
  <Project Path="SharpVideo.Tests/SharpVideo.Tests.csproj" />
  <Project Path="SharpVideo.Utils/SharpVideo.Utils.csproj" Id="6e04e87c-aa49-4d50-bb15-dd6a884fe1fc" />
  <Project Path="SharpVideo/SharpVideo.csproj" />
</Solution>
