
Microsoft Visual Studio Solution File, Format Version 12.00
# Visual Studio Version 18
VisualStudioVersion = 18.0.11012.119
MinimumVisualStudioVersion = 10.0.40219.1
Project("{FAE04EC0-301F-11D3-BF4B-00C04F79EFBC}") = "SharpVideo", "SharpVideo\SharpVideo.csproj", "{649A8C43-441A-43C5-9598-CA801F6B13D8}"
EndProject
Project("{FAE04EC0-301F-11D3-BF4B-00C04F79EFBC}") = "SharpVideo.Linux.Native", "SharpVideo.Linux.Native\SharpVideo.Linux.Native.csproj", "{0E0D285B-B2A3-6C60-D939-041CA2675391}"
EndProject
Project("{FAE04EC0-301F-11D3-BF4B-00C04F79EFBC}") = "SharpVideo.DrmDemo", "SharpVideo.DrmDemo\SharpVideo.DrmDemo.csproj", "{3D7902BC-193B-4122-9418-031FE65CBE50}"
EndProject
Project("{FAE04EC0-301F-11D3-BF4B-00C04F79EFBC}") = "SharpVideo.Linux.Native.Tests", "SharpVideo.Linux.Native.Tests\SharpVideo.Linux.Native.Tests.csproj", "{2AFA9325-96F0-4567-A944-4496FCE38791}"
EndProject
Project("{FAE04EC0-301F-11D3-BF4B-00C04F79EFBC}") = "SharpVideo.DrmDmaDemo", "SharpVideo.DrmDmaDemo\SharpVideo.DrmDmaDemo.csproj", "{8E0A3004-B598-48DE-9A08-28898E016541}"
EndProject
Project("{FAE04EC0-301F-11D3-BF4B-00C04F79EFBC}") = "SharpVideo.V4L2PrintInfo", "SharpVideo.V4L2PrintInfo\SharpVideo.V4L2PrintInfo.csproj", "{F2EAF667-171F-4DC8-8AAB-F3C6FA319280}"
EndProject
Project("{FAE04EC0-301F-11D3-BF4B-00C04F79EFBC}") = "SharpVideo.V4L2DecodeDemo", "SharpVideo.V4L2DecodeDemo\SharpVideo.V4L2DecodeDemo.csproj", "{CA43C971-ED07-4E54-9555-7889AFD7AE7D}"
EndProject
Project("{FAE04EC0-301F-11D3-BF4B-00C04F79EFBC}") = "SharpVideo.Tests", "SharpVideo.Tests\SharpVideo.Tests.csproj", "{3F4ADB1E-D2AC-4209-9629-5CD7FFFC5FE1}"
EndProject
Project("{FAE04EC0-301F-11D3-BF4B-00C04F79EFBC}") = "SharpVideo.ParseH264Demo", "SharpVideo.ParseH264Demo\SharpVideo.ParseH264Demo.csproj", "{2ED60CB5-9527-4A50-99BC-2D10B20A7DFF}"
EndProject
Project("{FAE04EC0-301F-11D3-BF4B-00C04F79EFBC}") = "SharpVideo.DemoMedia", "SharpVideo.DemoMedia\SharpVideo.DemoMedia.csproj", "{6E545014-A6B6-46CF-A5CB-B6D7C4326999}"
EndProject
Global
	GlobalSection(SolutionConfigurationPlatforms) = preSolution
		Debug|Any CPU = Debug|Any CPU
		Debug|x64 = Debug|x64
		Debug|x86 = Debug|x86
		Release|Any CPU = Release|Any CPU
		Release|x64 = Release|x64
		Release|x86 = Release|x86
	EndGlobalSection
	GlobalSection(ProjectConfigurationPlatforms) = postSolution
		{649A8C43-441A-43C5-9598-CA801F6B13D8}.Debug|Any CPU.ActiveCfg = Debug|Any CPU
		{649A8C43-441A-43C5-9598-CA801F6B13D8}.Debug|Any CPU.Build.0 = Debug|Any CPU
		{649A8C43-441A-43C5-9598-CA801F6B13D8}.Debug|x64.ActiveCfg = Debug|Any CPU
		{649A8C43-441A-43C5-9598-CA801F6B13D8}.Debug|x64.Build.0 = Debug|Any CPU
		{649A8C43-441A-43C5-9598-CA801F6B13D8}.Debug|x86.ActiveCfg = Debug|Any CPU
		{649A8C43-441A-43C5-9598-CA801F6B13D8}.Debug|x86.Build.0 = Debug|Any CPU
		{649A8C43-441A-43C5-9598-CA801F6B13D8}.Release|Any CPU.ActiveCfg = Release|Any CPU
		{649A8C43-441A-43C5-9598-CA801F6B13D8}.Release|Any CPU.Build.0 = Release|Any CPU
		{649A8C43-441A-43C5-9598-CA801F6B13D8}.Release|x64.ActiveCfg = Release|Any CPU
		{649A8C43-441A-43C5-9598-CA801F6B13D8}.Release|x64.Build.0 = Release|Any CPU
		{649A8C43-441A-43C5-9598-CA801F6B13D8}.Release|x86.ActiveCfg = Release|Any CPU
		{649A8C43-441A-43C5-9598-CA801F6B13D8}.Release|x86.Build.0 = Release|Any CPU
		{0E0D285B-B2A3-6C60-D939-041CA2675391}.Debug|Any CPU.ActiveCfg = Debug|Any CPU
		{0E0D285B-B2A3-6C60-D939-041CA2675391}.Debug|Any CPU.Build.0 = Debug|Any CPU
		{0E0D285B-B2A3-6C60-D939-041CA2675391}.Debug|x64.ActiveCfg = Debug|Any CPU
		{0E0D285B-B2A3-6C60-D939-041CA2675391}.Debug|x64.Build.0 = Debug|Any CPU
		{0E0D285B-B2A3-6C60-D939-041CA2675391}.Debug|x86.ActiveCfg = Debug|Any CPU
		{0E0D285B-B2A3-6C60-D939-041CA2675391}.Debug|x86.Build.0 = Debug|Any CPU
		{0E0D285B-B2A3-6C60-D939-041CA2675391}.Release|Any CPU.ActiveCfg = Release|Any CPU
		{0E0D285B-B2A3-6C60-D939-041CA2675391}.Release|Any CPU.Build.0 = Release|Any CPU
		{0E0D285B-B2A3-6C60-D939-041CA2675391}.Release|x64.ActiveCfg = Release|Any CPU
		{0E0D285B-B2A3-6C60-D939-041CA2675391}.Release|x64.Build.0 = Release|Any CPU
		{0E0D285B-B2A3-6C60-D939-041CA2675391}.Release|x86.ActiveCfg = Release|Any CPU
		{0E0D285B-B2A3-6C60-D939-041CA2675391}.Release|x86.Build.0 = Release|Any CPU
		{3D7902BC-193B-4122-9418-031FE65CBE50}.Debug|Any CPU.ActiveCfg = Debug|Any CPU
		{3D7902BC-193B-4122-9418-031FE65CBE50}.Debug|Any CPU.Build.0 = Debug|Any CPU
		{3D7902BC-193B-4122-9418-031FE65CBE50}.Debug|x64.ActiveCfg = Debug|Any CPU
		{3D7902BC-193B-4122-9418-031FE65CBE50}.Debug|x64.Build.0 = Debug|Any CPU
		{3D7902BC-193B-4122-9418-031FE65CBE50}.Debug|x86.ActiveCfg = Debug|Any CPU
		{3D7902BC-193B-4122-9418-031FE65CBE50}.Debug|x86.Build.0 = Debug|Any CPU
		{3D7902BC-193B-4122-9418-031FE65CBE50}.Release|Any CPU.ActiveCfg = Release|Any CPU
		{3D7902BC-193B-4122-9418-031FE65CBE50}.Release|Any CPU.Build.0 = Release|Any CPU
		{3D7902BC-193B-4122-9418-031FE65CBE50}.Release|x64.ActiveCfg = Release|Any CPU
		{3D7902BC-193B-4122-9418-031FE65CBE50}.Release|x64.Build.0 = Release|Any CPU
		{3D7902BC-193B-4122-9418-031FE65CBE50}.Release|x86.ActiveCfg = Release|Any CPU
		{3D7902BC-193B-4122-9418-031FE65CBE50}.Release|x86.Build.0 = Release|Any CPU
		{2AFA9325-96F0-4567-A944-4496FCE38791}.Debug|Any CPU.ActiveCfg = Debug|Any CPU
		{2AFA9325-96F0-4567-A944-4496FCE38791}.Debug|Any CPU.Build.0 = Debug|Any CPU
		{2AFA9325-96F0-4567-A944-4496FCE38791}.Debug|x64.ActiveCfg = Debug|Any CPU
		{2AFA9325-96F0-4567-A944-4496FCE38791}.Debug|x64.Build.0 = Debug|Any CPU
		{2AFA9325-96F0-4567-A944-4496FCE38791}.Debug|x86.ActiveCfg = Debug|Any CPU
		{2AFA9325-96F0-4567-A944-4496FCE38791}.Debug|x86.Build.0 = Debug|Any CPU
		{2AFA9325-96F0-4567-A944-4496FCE38791}.Release|Any CPU.ActiveCfg = Release|Any CPU
		{2AFA9325-96F0-4567-A944-4496FCE38791}.Release|Any CPU.Build.0 = Release|Any CPU
		{2AFA9325-96F0-4567-A944-4496FCE38791}.Release|x64.ActiveCfg = Release|Any CPU
		{2AFA9325-96F0-4567-A944-4496FCE38791}.Release|x64.Build.0 = Release|Any CPU
		{2AFA9325-96F0-4567-A944-4496FCE38791}.Release|x86.ActiveCfg = Release|Any CPU
		{2AFA9325-96F0-4567-A944-4496FCE38791}.Release|x86.Build.0 = Release|Any CPU
		{8E0A3004-B598-48DE-9A08-28898E016541}.Debug|Any CPU.ActiveCfg = Debug|Any CPU
		{8E0A3004-B598-48DE-9A08-28898E016541}.Debug|Any CPU.Build.0 = Debug|Any CPU
		{8E0A3004-B598-48DE-9A08-28898E016541}.Debug|x64.ActiveCfg = Debug|Any CPU
		{8E0A3004-B598-48DE-9A08-28898E016541}.Debug|x64.Build.0 = Debug|Any CPU
		{8E0A3004-B598-48DE-9A08-28898E016541}.Debug|x86.ActiveCfg = Debug|Any CPU
		{8E0A3004-B598-48DE-9A08-28898E016541}.Debug|x86.Build.0 = Debug|Any CPU
		{8E0A3004-B598-48DE-9A08-28898E016541}.Release|Any CPU.ActiveCfg = Release|Any CPU
		{8E0A3004-B598-48DE-9A08-28898E016541}.Release|Any CPU.Build.0 = Release|Any CPU
		{8E0A3004-B598-48DE-9A08-28898E016541}.Release|x64.ActiveCfg = Release|Any CPU
		{8E0A3004-B598-48DE-9A08-28898E016541}.Release|x64.Build.0 = Release|Any CPU
		{8E0A3004-B598-48DE-9A08-28898E016541}.Release|x86.ActiveCfg = Release|Any CPU
		{8E0A3004-B598-48DE-9A08-28898E016541}.Release|x86.Build.0 = Release|Any CPU
		{F2EAF667-171F-4DC8-8AAB-F3C6FA319280}.Debug|Any CPU.ActiveCfg = Debug|Any CPU
		{F2EAF667-171F-4DC8-8AAB-F3C6FA319280}.Debug|Any CPU.Build.0 = Debug|Any CPU
		{F2EAF667-171F-4DC8-8AAB-F3C6FA319280}.Debug|x64.ActiveCfg = Debug|Any CPU
		{F2EAF667-171F-4DC8-8AAB-F3C6FA319280}.Debug|x64.Build.0 = Debug|Any CPU
		{F2EAF667-171F-4DC8-8AAB-F3C6FA319280}.Debug|x86.ActiveCfg = Debug|Any CPU
		{F2EAF667-171F-4DC8-8AAB-F3C6FA319280}.Debug|x86.Build.0 = Debug|Any CPU
		{F2EAF667-171F-4DC8-8AAB-F3C6FA319280}.Release|Any CPU.ActiveCfg = Release|Any CPU
		{F2EAF667-171F-4DC8-8AAB-F3C6FA319280}.Release|Any CPU.Build.0 = Release|Any CPU
		{F2EAF667-171F-4DC8-8AAB-F3C6FA319280}.Release|x64.ActiveCfg = Release|Any CPU
		{F2EAF667-171F-4DC8-8AAB-F3C6FA319280}.Release|x64.Build.0 = Release|Any CPU
		{F2EAF667-171F-4DC8-8AAB-F3C6FA319280}.Release|x86.ActiveCfg = Release|Any CPU
		{F2EAF667-171F-4DC8-8AAB-F3C6FA319280}.Release|x86.Build.0 = Release|Any CPU
		{CA43C971-ED07-4E54-9555-7889AFD7AE7D}.Debug|Any CPU.ActiveCfg = Debug|Any CPU
		{CA43C971-ED07-4E54-9555-7889AFD7AE7D}.Debug|Any CPU.Build.0 = Debug|Any CPU
		{CA43C971-ED07-4E54-9555-7889AFD7AE7D}.Debug|x64.ActiveCfg = Debug|Any CPU
		{CA43C971-ED07-4E54-9555-7889AFD7AE7D}.Debug|x64.Build.0 = Debug|Any CPU
		{CA43C971-ED07-4E54-9555-7889AFD7AE7D}.Debug|x86.ActiveCfg = Debug|Any CPU
		{CA43C971-ED07-4E54-9555-7889AFD7AE7D}.Debug|x86.Build.0 = Debug|Any CPU
		{CA43C971-ED07-4E54-9555-7889AFD7AE7D}.Release|Any CPU.ActiveCfg = Release|Any CPU
		{CA43C971-ED07-4E54-9555-7889AFD7AE7D}.Release|Any CPU.Build.0 = Release|Any CPU
		{CA43C971-ED07-4E54-9555-7889AFD7AE7D}.Release|x64.ActiveCfg = Release|Any CPU
		{CA43C971-ED07-4E54-9555-7889AFD7AE7D}.Release|x64.Build.0 = Release|Any CPU
		{CA43C971-ED07-4E54-9555-7889AFD7AE7D}.Release|x86.ActiveCfg = Release|Any CPU
		{CA43C971-ED07-4E54-9555-7889AFD7AE7D}.Release|x86.Build.0 = Release|Any CPU
		{3F4ADB1E-D2AC-4209-9629-5CD7FFFC5FE1}.Debug|Any CPU.ActiveCfg = Debug|Any CPU
		{3F4ADB1E-D2AC-4209-9629-5CD7FFFC5FE1}.Debug|Any CPU.Build.0 = Debug|Any CPU
		{3F4ADB1E-D2AC-4209-9629-5CD7FFFC5FE1}.Debug|x64.ActiveCfg = Debug|Any CPU
		{3F4ADB1E-D2AC-4209-9629-5CD7FFFC5FE1}.Debug|x64.Build.0 = Debug|Any CPU
		{3F4ADB1E-D2AC-4209-9629-5CD7FFFC5FE1}.Debug|x86.ActiveCfg = Debug|Any CPU
		{3F4ADB1E-D2AC-4209-9629-5CD7FFFC5FE1}.Debug|x86.Build.0 = Debug|Any CPU
		{3F4ADB1E-D2AC-4209-9629-5CD7FFFC5FE1}.Release|Any CPU.ActiveCfg = Release|Any CPU
		{3F4ADB1E-D2AC-4209-9629-5CD7FFFC5FE1}.Release|Any CPU.Build.0 = Release|Any CPU
		{3F4ADB1E-D2AC-4209-9629-5CD7FFFC5FE1}.Release|x64.ActiveCfg = Release|Any CPU
		{3F4ADB1E-D2AC-4209-9629-5CD7FFFC5FE1}.Release|x64.Build.0 = Release|Any CPU
		{3F4ADB1E-D2AC-4209-9629-5CD7FFFC5FE1}.Release|x86.ActiveCfg = Release|Any CPU
		{3F4ADB1E-D2AC-4209-9629-5CD7FFFC5FE1}.Release|x86.Build.0 = Release|Any CPU
		{2ED60CB5-9527-4A50-99BC-2D10B20A7DFF}.Debug|Any CPU.ActiveCfg = Debug|Any CPU
		{2ED60CB5-9527-4A50-99BC-2D10B20A7DFF}.Debug|Any CPU.Build.0 = Debug|Any CPU
		{2ED60CB5-9527-4A50-99BC-2D10B20A7DFF}.Debug|x64.ActiveCfg = Debug|Any CPU
		{2ED60CB5-9527-4A50-99BC-2D10B20A7DFF}.Debug|x64.Build.0 = Debug|Any CPU
		{2ED60CB5-9527-4A50-99BC-2D10B20A7DFF}.Debug|x86.ActiveCfg = Debug|Any CPU
		{2ED60CB5-9527-4A50-99BC-2D10B20A7DFF}.Debug|x86.Build.0 = Debug|Any CPU
		{2ED60CB5-9527-4A50-99BC-2D10B20A7DFF}.Release|Any CPU.ActiveCfg = Release|Any CPU
		{2ED60CB5-9527-4A50-99BC-2D10B20A7DFF}.Release|Any CPU.Build.0 = Release|Any CPU
		{2ED60CB5-9527-4A50-99BC-2D10B20A7DFF}.Release|x64.ActiveCfg = Release|Any CPU
		{2ED60CB5-9527-4A50-99BC-2D10B20A7DFF}.Release|x64.Build.0 = Release|Any CPU
		{2ED60CB5-9527-4A50-99BC-2D10B20A7DFF}.Release|x86.ActiveCfg = Release|Any CPU
		{2ED60CB5-9527-4A50-99BC-2D10B20A7DFF}.Release|x86.Build.0 = Release|Any CPU
		{6E545014-A6B6-46CF-A5CB-B6D7C4326999}.Debug|Any CPU.ActiveCfg = Debug|Any CPU
		{6E545014-A6B6-46CF-A5CB-B6D7C4326999}.Debug|Any CPU.Build.0 = Debug|Any CPU
		{6E545014-A6B6-46CF-A5CB-B6D7C4326999}.Debug|x64.ActiveCfg = Debug|Any CPU
		{6E545014-A6B6-46CF-A5CB-B6D7C4326999}.Debug|x64.Build.0 = Debug|Any CPU
		{6E545014-A6B6-46CF-A5CB-B6D7C4326999}.Debug|x86.ActiveCfg = Debug|Any CPU
		{6E545014-A6B6-46CF-A5CB-B6D7C4326999}.Debug|x86.Build.0 = Debug|Any CPU
		{6E545014-A6B6-46CF-A5CB-B6D7C4326999}.Release|Any CPU.ActiveCfg = Release|Any CPU
		{6E545014-A6B6-46CF-A5CB-B6D7C4326999}.Release|Any CPU.Build.0 = Release|Any CPU
		{6E545014-A6B6-46CF-A5CB-B6D7C4326999}.Release|x64.ActiveCfg = Release|Any CPU
		{6E545014-A6B6-46CF-A5CB-B6D7C4326999}.Release|x64.Build.0 = Release|Any CPU
		{6E545014-A6B6-46CF-A5CB-B6D7C4326999}.Release|x86.ActiveCfg = Release|Any CPU
		{6E545014-A6B6-46CF-A5CB-B6D7C4326999}.Release|x86.Build.0 = Release|Any CPU
	EndGlobalSection
	GlobalSection(SolutionProperties) = preSolution
		HideSolutionNode = FALSE
	EndGlobalSection
	GlobalSection(ExtensibilityGlobals) = postSolution
		SolutionGuid = {8905519E-5428-4032-8F58-5D5A95F88B9C}
	EndGlobalSection
EndGlobal
